lockVersion: 2.0.0
id: 1b06df09-5141-4b14-b0b7-5415dbf16cfb
management:
  docChecksum: 0a87a5d71a740a1c41abdb9879544197
  docVersion: 0.0.1
  speakeasyVersion: 1.390.5
  generationVersion: 2.409.3
  releaseVersion: 2.8.0
  configChecksum: cd93d019824028fe78878b0e24573e4c
  repoURL: https://github.com/hathora/cloud-sdk-typescript.git
  installationURL: https://github.com/hathora/cloud-sdk-typescript
  published: true
features:
  typescript:
    additionalDependencies: 0.1.0
    constsAndDefaults: 0.1.11
    core: 3.16.0
    defaultEnabledRetries: 0.1.0
    deprecations: 2.81.1
    downloadStreams: 0.1.1
    envVarSecurityUsage: 0.1.1
    flattening: 2.81.1
    globalSecurity: 2.82.11
    globalSecurityCallbacks: 0.1.0
    globalSecurityFlattening: 0.1.0
    globalServerURLs: 2.82.4
    globals: 2.82.1
    groups: 2.81.2
    methodSecurity: 2.82.4
    nullables: 0.1.0
    openEnums: 0.1.1
    responseFormat: 0.2.3
    retries: 2.83.0
    sdkHooks: 0.1.0
    unions: 2.85.7
    uploadStreams: 0.1.0
generatedFiles:
  - src/funcs/tokensV1GetOrgTokens.ts
  - src/funcs/tokensV1CreateOrgToken.ts
  - src/funcs/tokensV1RevokeOrgToken.ts
  - src/funcs/roomsV1CreateRoomDeprecated.ts
  - src/funcs/roomsV1GetRoomInfoDeprecated.ts
  - src/funcs/roomsV1GetActiveRoomsForProcessDeprecated.ts
  - src/funcs/roomsV1GetInactiveRoomsForProcessDeprecated.ts
  - src/funcs/roomsV1DestroyRoomDeprecated.ts
  - src/funcs/roomsV1SuspendRoomDeprecated.ts
  - src/funcs/roomsV1GetConnectionInfoDeprecated.ts
  - src/funcs/roomsV2CreateRoom.ts
  - src/funcs/roomsV2GetRoomInfo.ts
  - src/funcs/roomsV2GetActiveRoomsForProcess.ts
  - src/funcs/roomsV2GetInactiveRoomsForProcess.ts
  - src/funcs/roomsV2DestroyRoom.ts
  - src/funcs/roomsV2SuspendRoomV2Deprecated.ts
  - src/funcs/roomsV2GetConnectionInfo.ts
  - src/funcs/roomsV2UpdateRoomConfig.ts
  - src/funcs/processesV1GetRunningProcesses.ts
  - src/funcs/processesV1GetStoppedProcesses.ts
  - src/funcs/processesV1GetProcessInfoDeprecated.ts
  - src/funcs/processesV2GetProcessInfoV2Deprecated.ts
  - src/funcs/processesV2GetLatestProcessesV2Deprecated.ts
  - src/funcs/processesV2GetProcessesCountExperimentalV2Deprecated.ts
  - src/funcs/processesV2StopProcessV2Deprecated.ts
  - src/funcs/processesV2CreateProcessV2Deprecated.ts
  - src/funcs/processesV3GetLatestProcesses.ts
  - src/funcs/processesV3GetProcessesCountExperimental.ts
  - src/funcs/processesV3CreateProcess.ts
  - src/funcs/processesV3GetProcess.ts
  - src/funcs/processesV3StopProcess.ts
  - src/funcs/organizationsV1GetOrgs.ts
  - src/funcs/organizationsV1GetUserPendingInvites.ts
  - src/funcs/organizationsV1GetOrgMembers.ts
  - src/funcs/organizationsV1InviteUser.ts
  - src/funcs/organizationsV1RescindInvite.ts
  - src/funcs/organizationsV1GetOrgPendingInvites.ts
  - src/funcs/organizationsV1AcceptInvite.ts
  - src/funcs/organizationsV1RejectInvite.ts
  - src/funcs/metricsV1GetMetrics.ts
  - src/funcs/managementV1SendVerificationEmail.ts
  - src/funcs/logsV1GetLogsForApp.ts
  - src/funcs/logsV1GetLogsForProcess.ts
  - src/funcs/logsV1DownloadLogForProcess.ts
  - src/funcs/logsV1GetLogsForDeployment.ts
  - src/funcs/lobbiesV1CreatePrivateLobbyDeprecated.ts
  - src/funcs/lobbiesV1CreatePublicLobbyDeprecated.ts
  - src/funcs/lobbiesV1ListActivePublicLobbiesDeprecatedV1.ts
  - src/funcs/lobbiesV2CreatePrivateLobby.ts
  - src/funcs/lobbiesV2CreatePublicLobby.ts
  - src/funcs/lobbiesV2CreateLocalLobby.ts
  - src/funcs/lobbiesV2CreateLobbyDeprecated.ts
  - src/funcs/lobbiesV2ListActivePublicLobbiesDeprecatedV2.ts
  - src/funcs/lobbiesV2GetLobbyInfo.ts
  - src/funcs/lobbiesV2SetLobbyState.ts
  - src/funcs/lobbiesV3CreateLobby.ts
  - src/funcs/lobbiesV3ListActivePublicLobbies.ts
  - src/funcs/lobbiesV3GetLobbyInfoByRoomId.ts
  - src/funcs/lobbiesV3GetLobbyInfoByShortCode.ts
  - src/funcs/discoveryV1GetPingServiceEndpointsDeprecated.ts
  - src/funcs/discoveryV2GetPingServiceEndpoints.ts
  - src/funcs/deploymentsV1GetDeploymentsV1Deprecated.ts
  - src/funcs/deploymentsV1GetLatestDeploymentV1Deprecated.ts
  - src/funcs/deploymentsV1GetDeploymentInfoV1Deprecated.ts
  - src/funcs/deploymentsV1CreateDeploymentV1Deprecated.ts
  - src/funcs/deploymentsV2GetDeploymentsV2Deprecated.ts
  - src/funcs/deploymentsV2GetLatestDeploymentV2Deprecated.ts
  - src/funcs/deploymentsV2GetDeploymentInfoV2Deprecated.ts
  - src/funcs/deploymentsV2CreateDeploymentV2Deprecated.ts
  - src/funcs/deploymentsV3GetDeployments.ts
  - src/funcs/deploymentsV3CreateDeployment.ts
  - src/funcs/deploymentsV3GetLatestDeployment.ts
  - src/funcs/deploymentsV3GetDeployment.ts
  - src/funcs/buildsV1GetBuildsDeprecated.ts
  - src/funcs/buildsV1GetBuildInfoDeprecated.ts
  - src/funcs/buildsV1CreateBuildDeprecated.ts
  - src/funcs/buildsV1DeleteBuildDeprecated.ts
  - src/funcs/buildsV1RunBuildDeprecated.ts
  - src/funcs/buildsV2GetBuildsV2Deprecated.ts
  - src/funcs/buildsV2GetBuildInfoV2Deprecated.ts
  - src/funcs/buildsV2CreateBuildV2Deprecated.ts
  - src/funcs/buildsV2CreateBuildWithUploadUrlV2Deprecated.ts
  - src/funcs/buildsV2CreateWithMultipartUploadsV2Deprecated.ts
  - src/funcs/buildsV2DeleteBuildV2Deprecated.ts
  - src/funcs/buildsV2RunBuildV2Deprecated.ts
  - src/funcs/buildsV3GetBuilds.ts
  - src/funcs/buildsV3CreateBuild.ts
  - src/funcs/buildsV3GetBuild.ts
  - src/funcs/buildsV3DeleteBuild.ts
  - src/funcs/buildsV3RunBuild.ts
  - src/funcs/billingV1GetBalance.ts
  - src/funcs/billingV1GetUpcomingInvoiceItems.ts
  - src/funcs/billingV1GetUpcomingInvoiceTotal.ts
  - src/funcs/billingV1GetPaymentMethod.ts
  - src/funcs/billingV1InitStripeCustomerPortalUrl.ts
  - src/funcs/billingV1GetInvoices.ts
  - src/funcs/authV1LoginAnonymous.ts
  - src/funcs/authV1LoginNickname.ts
  - src/funcs/authV1LoginGoogle.ts
  - src/funcs/appsV1GetAppsV1Deprecated.ts
  - src/funcs/appsV1CreateAppV1Deprecated.ts
  - src/funcs/appsV1UpdateAppV1Deprecated.ts
  - src/funcs/appsV1GetAppInfoV1Deprecated.ts
  - src/funcs/appsV1DeleteAppV1Deprecated.ts
  - src/funcs/appsV2GetApps.ts
  - src/funcs/appsV2CreateApp.ts
  - src/funcs/appsV2UpdateApp.ts
  - src/funcs/appsV2GetApp.ts
  - src/funcs/appsV2DeleteApp.ts
  - src/sdk/tokensv1.ts
  - src/sdk/roomsv1.ts
  - src/sdk/roomsv2.ts
  - src/sdk/processesv1.ts
  - src/sdk/processesv2.ts
  - src/sdk/processesv3.ts
  - src/sdk/organizationsv1.ts
  - src/sdk/metricsv1.ts
  - src/sdk/managementv1.ts
  - src/sdk/logsv1.ts
  - src/sdk/lobbiesv1.ts
  - src/sdk/lobbiesv2.ts
  - src/sdk/lobbiesv3.ts
  - src/sdk/discoveryv1.ts
  - src/sdk/discoveryv2.ts
  - src/sdk/deploymentsv1.ts
  - src/sdk/deploymentsv2.ts
  - src/sdk/deploymentsv3.ts
  - src/sdk/buildsv1.ts
  - src/sdk/buildsv2.ts
  - src/sdk/buildsv3.ts
  - src/sdk/billingv1.ts
  - src/sdk/authv1.ts
  - src/sdk/appsv1.ts
  - src/sdk/appsv2.ts
  - src/sdk/sdk.ts
  - .eslintrc.cjs
  - .npmignore
  - FUNCTIONS.md
  - RUNTIMES.md
  - jsr.json
  - package.json
  - src/core.ts
  - src/index.ts
  - src/lib/base64.ts
  - src/lib/config.ts
  - src/lib/dlv.ts
  - src/lib/encodings.ts
  - src/lib/files.ts
  - src/lib/http.ts
  - src/lib/is-plain-object.ts
  - src/lib/logger.ts
  - src/lib/matchers.ts
  - src/lib/primitives.ts
  - src/lib/retries.ts
  - src/lib/schemas.ts
  - src/lib/sdks.ts
  - src/lib/security.ts
  - src/lib/url.ts
  - src/sdk/index.ts
  - src/models/errors/httpclienterrors.ts
  - src/models/errors/sdkerror.ts
  - src/models/errors/sdkvalidationerror.ts
  - src/types/blobs.ts
  - src/types/constdatetime.ts
  - src/types/enums.ts
  - src/types/fp.ts
  - src/types/index.ts
  - src/types/operations.ts
  - src/types/rfcdate.ts
  - src/types/streams.ts
  - tsconfig.json
  - src/models/components/listorgtokens.ts
  - src/models/components/orgtoken.ts
  - src/models/components/orgtokenstatus.ts
  - src/models/components/createdorgtoken.ts
  - src/models/components/createorgtoken.ts
  - src/models/components/createroomparams.ts
  - src/models/components/region.ts
  - src/models/components/room.ts
  - src/models/components/roomallocation.ts
  - src/models/components/roomstatus.ts
  - src/models/components/roomwithoutallocations.ts
  - src/models/components/connectioninfo.ts
  - src/models/components/startingconnectioninfo.ts
  - src/models/components/activeconnectioninfo.ts
  - src/models/components/transporttype.ts
  - src/models/components/roomconnectiondata.ts
  - src/models/components/roomreadystatus.ts
  - src/models/components/exposedport.ts
  - src/models/components/connectioninfov2.ts
  - src/models/components/updateroomconfigparams.ts
  - src/models/components/processwithrooms.ts
  - src/models/components/process.ts
  - src/models/components/processv2.ts
  - src/models/components/processstatus.ts
  - src/models/components/processv3.ts
  - src/models/components/orgspage.ts
  - src/models/components/organization.ts
  - src/models/components/pendingorginvitespage.ts
  - src/models/components/pendingorginvite.ts
  - src/models/components/orgmemberspage.ts
  - src/models/components/orgmember.ts
  - src/models/components/createuserinvite.ts
  - src/models/components/rescinduserinvite.ts
  - src/models/components/metricsdata.ts
  - src/models/components/metricvalue.ts
  - src/models/components/metricname.ts
  - src/models/components/verificationemailsuccess.ts
  - src/models/components/verificationemailrequest.ts
  - src/models/components/lobby.ts
  - src/models/components/lobbyvisibility.ts
  - src/models/components/createlobbyparams.ts
  - src/models/components/setlobbystateparams.ts
  - src/models/components/lobbyv3.ts
  - src/models/components/createlobbyv3params.ts
  - src/models/components/pingendpoints.ts
  - src/models/components/deploymentv1.ts
  - src/models/components/containerport.ts
  - src/models/components/planname.ts
  - src/models/components/deploymentconfig.ts
  - src/models/components/deploymentv2.ts
  - src/models/components/deploymentconfigv2.ts
  - src/models/components/deploymentsv3page.ts
  - src/models/components/deploymentv3.ts
  - src/models/components/deploymentconfigv3.ts
  - src/models/components/build.ts
  - src/models/components/buildstatus.ts
  - src/models/components/createbuildparams.ts
  - src/models/components/buildwithuploadurl.ts
  - src/models/components/buildwithmultiparturls.ts
  - src/models/components/buildpart.ts
  - src/models/components/createmultipartbuildparams.ts
  - src/models/components/buildsv3page.ts
  - src/models/components/buildv3.ts
  - src/models/components/createdbuildv3withmultiparturls.ts
  - src/models/components/deletedbuild.ts
  - src/models/components/invoiceitempage.ts
  - src/models/components/invoiceitem.ts
  - src/models/components/paymentmethod.ts
  - src/models/components/linkpaymentmethod.ts
  - src/models/components/achpaymentmethod.ts
  - src/models/components/cardpaymentmethod.ts
  - src/models/components/cardbrand.ts
  - src/models/components/customerportalurl.ts
  - src/models/components/invoice.ts
  - src/models/components/invoicestatus.ts
  - src/models/components/playertokenobject.ts
  - src/models/components/nicknameobject.ts
  - src/models/components/googleidtokenobject.ts
  - src/models/components/applicationwithlatestdeploymentandbuilddeprecated.ts
  - src/models/components/authconfiguration.ts
  - src/models/components/recordstringnever.ts
  - src/models/components/application.ts
  - src/models/components/appconfig.ts
  - src/models/components/applicationspage.ts
  - src/models/components/applicationwithlatestdeploymentandbuild.ts
  - src/models/components/security.ts
  - src/models/errors/apierror.ts
  - src/models/operations/getorgtokens.ts
  - src/models/operations/createorgtoken.ts
  - src/models/operations/revokeorgtoken.ts
  - src/models/operations/createroomdeprecated.ts
  - src/models/operations/getroominfodeprecated.ts
  - src/models/operations/getactiveroomsforprocessdeprecated.ts
  - src/models/operations/getinactiveroomsforprocessdeprecated.ts
  - src/models/operations/destroyroomdeprecated.ts
  - src/models/operations/suspendroomdeprecated.ts
  - src/models/operations/getconnectioninfodeprecated.ts
  - src/models/operations/createroom.ts
  - src/models/operations/getroominfo.ts
  - src/models/operations/getactiveroomsforprocess.ts
  - src/models/operations/getinactiveroomsforprocess.ts
  - src/models/operations/destroyroom.ts
  - src/models/operations/suspendroomv2deprecated.ts
  - src/models/operations/getconnectioninfo.ts
  - src/models/operations/updateroomconfig.ts
  - src/models/operations/getrunningprocesses.ts
  - src/models/operations/getstoppedprocesses.ts
  - src/models/operations/getprocessinfodeprecated.ts
  - src/models/operations/getprocessinfov2deprecated.ts
  - src/models/operations/getlatestprocessesv2deprecated.ts
  - src/models/operations/getprocessescountexperimentalv2deprecated.ts
  - src/models/operations/stopprocessv2deprecated.ts
  - src/models/operations/createprocessv2deprecated.ts
  - src/models/operations/getlatestprocesses.ts
  - src/models/operations/getprocessescountexperimental.ts
  - src/models/operations/createprocess.ts
  - src/models/operations/getprocess.ts
  - src/models/operations/stopprocess.ts
  - src/models/operations/getorgmembers.ts
  - src/models/operations/inviteuser.ts
  - src/models/operations/rescindinvite.ts
  - src/models/operations/getorgpendinginvites.ts
  - src/models/operations/acceptinvite.ts
  - src/models/operations/rejectinvite.ts
  - src/models/operations/getmetrics.ts
  - src/models/operations/getlogsforapp.ts
  - src/models/operations/getlogsforprocess.ts
  - src/models/operations/downloadlogforprocess.ts
  - src/models/operations/getlogsfordeployment.ts
  - src/models/operations/createprivatelobbydeprecated.ts
  - src/models/operations/createpubliclobbydeprecated.ts
  - src/models/operations/listactivepubliclobbiesdeprecatedv1.ts
  - src/models/operations/createprivatelobby.ts
  - src/models/operations/createpubliclobby.ts
  - src/models/operations/createlocallobby.ts
  - src/models/operations/createlobbydeprecated.ts
  - src/models/operations/listactivepubliclobbiesdeprecatedv2.ts
  - src/models/operations/getlobbyinfo.ts
  - src/models/operations/setlobbystate.ts
  - src/models/operations/createlobby.ts
  - src/models/operations/listactivepubliclobbies.ts
  - src/models/operations/getlobbyinfobyroomid.ts
  - src/models/operations/getlobbyinfobyshortcode.ts
  - src/models/operations/getdeploymentsv1deprecated.ts
  - src/models/operations/getlatestdeploymentv1deprecated.ts
  - src/models/operations/getdeploymentinfov1deprecated.ts
  - src/models/operations/createdeploymentv1deprecated.ts
  - src/models/operations/getdeploymentsv2deprecated.ts
  - src/models/operations/getlatestdeploymentv2deprecated.ts
  - src/models/operations/getdeploymentinfov2deprecated.ts
  - src/models/operations/createdeploymentv2deprecated.ts
  - src/models/operations/getdeployments.ts
  - src/models/operations/createdeployment.ts
  - src/models/operations/getlatestdeployment.ts
  - src/models/operations/getdeployment.ts
  - src/models/operations/getbuildsdeprecated.ts
  - src/models/operations/getbuildinfodeprecated.ts
  - src/models/operations/createbuilddeprecated.ts
  - src/models/operations/deletebuilddeprecated.ts
  - src/models/operations/runbuilddeprecated.ts
  - src/models/operations/getbuildsv2deprecated.ts
  - src/models/operations/getbuildinfov2deprecated.ts
  - src/models/operations/createbuildv2deprecated.ts
  - src/models/operations/createbuildwithuploadurlv2deprecated.ts
  - src/models/operations/createwithmultipartuploadsv2deprecated.ts
  - src/models/operations/deletebuildv2deprecated.ts
  - src/models/operations/runbuildv2deprecated.ts
  - src/models/operations/getbuilds.ts
  - src/models/operations/createbuild.ts
  - src/models/operations/getbuild.ts
  - src/models/operations/deletebuild.ts
  - src/models/operations/runbuild.ts
  - src/models/operations/getupcominginvoicetotal.ts
  - src/models/operations/loginanonymous.ts
  - src/models/operations/loginnickname.ts
  - src/models/operations/logingoogle.ts
  - src/models/operations/updateappv1deprecated.ts
  - src/models/operations/getappinfov1deprecated.ts
  - src/models/operations/deleteappv1deprecated.ts
  - src/models/operations/getapps.ts
  - src/models/operations/createapp.ts
  - src/models/operations/updateapp.ts
  - src/models/operations/getapp.ts
  - src/models/operations/deleteapp.ts
  - src/models/errors/index.ts
  - src/models/components/index.ts
  - src/models/operations/index.ts
  - docs/models/components/listorgtokens.md
  - docs/models/components/orgtoken.md
  - docs/models/components/orgtokenstatus.md
  - docs/models/components/createdorgtoken.md
  - docs/models/components/createorgtoken.md
  - docs/models/components/createroomparams.md
  - docs/models/components/region.md
  - docs/models/components/currentallocation.md
  - docs/models/components/room.md
  - docs/models/components/roomallocation.md
  - docs/models/components/roomstatus.md
  - docs/models/components/roomwithoutallocationscurrentallocation.md
  - docs/models/components/roomwithoutallocations.md
  - docs/models/components/connectioninfo.md
  - docs/models/components/status.md
  - docs/models/components/startingconnectioninfo.md
  - docs/models/components/activeconnectioninfostatus.md
  - docs/models/components/activeconnectioninfo.md
  - docs/models/components/transporttype.md
  - docs/models/components/roomconnectiondata.md
  - docs/models/components/roomreadystatus.md
  - docs/models/components/exposedport.md
  - docs/models/components/connectioninfov2.md
  - docs/models/components/updateroomconfigparams.md
  - docs/models/components/processwithroomsexposedport.md
  - docs/models/components/processwithrooms.md
  - docs/models/components/processexposedport.md
  - docs/models/components/process.md
  - docs/models/components/processv2exposedport.md
  - docs/models/components/processv2.md
  - docs/models/components/processstatus.md
  - docs/models/components/processv3exposedport.md
  - docs/models/components/processv3.md
  - docs/models/components/orgspage.md
  - docs/models/components/organization.md
  - docs/models/components/pendingorginvitespage.md
  - docs/models/components/pendingorginvite.md
  - docs/models/components/orgmemberspage.md
  - docs/models/components/orgmember.md
  - docs/models/components/createuserinvite.md
  - docs/models/components/rescinduserinvite.md
  - docs/models/components/metricsdata.md
  - docs/models/components/metricvalue.md
  - docs/models/components/metricname.md
  - docs/models/components/verificationemailsuccess.md
  - docs/models/components/verificationemailrequest.md
  - docs/models/components/createdby.md
  - docs/models/components/lobby.md
  - docs/models/components/lobbyvisibility.md
  - docs/models/components/createlobbyparams.md
  - docs/models/components/setlobbystateparams.md
  - docs/models/components/lobbyv3createdby.md
  - docs/models/components/lobbyv3.md
  - docs/models/components/createlobbyv3params.md
  - docs/models/components/pingendpoints.md
  - docs/models/components/env.md
  - docs/models/components/deploymentv1transporttype.md
  - docs/models/components/deploymentv1.md
  - docs/models/components/containerport.md
  - docs/models/components/planname.md
  - docs/models/components/deploymentconfigenv.md
  - docs/models/components/deploymentconfig.md
  - docs/models/components/deploymentv2env.md
  - docs/models/components/deploymentv2.md
  - docs/models/components/deploymentconfigv2env.md
  - docs/models/components/deploymentconfigv2.md
  - docs/models/components/deploymentsv3page.md
  - docs/models/components/deploymentv3env.md
  - docs/models/components/deploymentv3.md
  - docs/models/components/deploymentconfigv3env.md
  - docs/models/components/deploymentconfigv3.md
  - docs/models/components/regionalcontainertags.md
  - docs/models/components/build.md
  - docs/models/components/buildstatus.md
  - docs/models/components/createbuildparams.md
  - docs/models/components/buildwithuploadurlregionalcontainertags.md
  - docs/models/components/uploadbodyparams.md
  - docs/models/components/buildwithuploadurl.md
  - docs/models/components/buildwithmultiparturlsregionalcontainertags.md
  - docs/models/components/buildwithmultiparturls.md
  - docs/models/components/buildpart.md
  - docs/models/components/createmultipartbuildparams.md
  - docs/models/components/buildsv3page.md
  - docs/models/components/buildv3.md
  - docs/models/components/createdbuildv3withmultiparturls.md
  - docs/models/components/deletedbuild.md
  - docs/models/components/invoiceitempage.md
  - docs/models/components/invoiceitem.md
  - docs/models/components/paymentmethod.md
  - docs/models/components/linkpaymentmethod.md
  - docs/models/components/achpaymentmethod.md
  - docs/models/components/cardpaymentmethod.md
  - docs/models/components/cardbrand.md
  - docs/models/components/customerportalurl.md
  - docs/models/components/invoice.md
  - docs/models/components/invoicestatus.md
  - docs/models/components/playertokenobject.md
  - docs/models/components/nicknameobject.md
  - docs/models/components/googleidtokenobject.md
  - docs/models/components/applicationwithlatestdeploymentandbuilddeprecatedenv.md
  - docs/models/components/deployment.md
  - docs/models/components/applicationwithlatestdeploymentandbuilddeprecated.md
  - docs/models/components/google.md
  - docs/models/components/authconfiguration.md
  - docs/models/components/recordstringnever.md
  - docs/models/components/application.md
  - docs/models/components/appconfig.md
  - docs/models/components/applicationspage.md
  - docs/models/components/applicationwithlatestdeploymentandbuildenv.md
  - docs/models/components/applicationwithlatestdeploymentandbuilddeployment.md
  - docs/models/components/applicationwithlatestdeploymentandbuild.md
  - docs/models/components/security.md
  - docs/models/errors/apierror.md
  - docs/models/operations/getorgtokensrequest.md
  - docs/models/operations/createorgtokenrequest.md
  - docs/models/operations/revokeorgtokenrequest.md
  - docs/models/operations/createroomdeprecatedglobals.md
  - docs/models/operations/createroomdeprecatedrequest.md
  - docs/models/operations/getroominfodeprecatedglobals.md
  - docs/models/operations/getroominfodeprecatedrequest.md
  - docs/models/operations/getactiveroomsforprocessdeprecatedglobals.md
  - docs/models/operations/getactiveroomsforprocessdeprecatedrequest.md
  - docs/models/operations/getinactiveroomsforprocessdeprecatedglobals.md
  - docs/models/operations/getinactiveroomsforprocessdeprecatedrequest.md
  - docs/models/operations/destroyroomdeprecatedglobals.md
  - docs/models/operations/destroyroomdeprecatedrequest.md
  - docs/models/operations/suspendroomdeprecatedglobals.md
  - docs/models/operations/suspendroomdeprecatedrequest.md
  - docs/models/operations/getconnectioninfodeprecatedglobals.md
  - docs/models/operations/getconnectioninfodeprecatedrequest.md
  - docs/models/operations/createroomglobals.md
  - docs/models/operations/createroomrequest.md
  - docs/models/operations/getroominfoglobals.md
  - docs/models/operations/getroominforequest.md
  - docs/models/operations/getactiveroomsforprocessglobals.md
  - docs/models/operations/getactiveroomsforprocessrequest.md
  - docs/models/operations/getinactiveroomsforprocessglobals.md
  - docs/models/operations/getinactiveroomsforprocessrequest.md
  - docs/models/operations/destroyroomglobals.md
  - docs/models/operations/destroyroomrequest.md
  - docs/models/operations/suspendroomv2deprecatedglobals.md
  - docs/models/operations/suspendroomv2deprecatedrequest.md
  - docs/models/operations/getconnectioninfoglobals.md
  - docs/models/operations/getconnectioninforequest.md
  - docs/models/operations/updateroomconfigglobals.md
  - docs/models/operations/updateroomconfigrequest.md
  - docs/models/operations/getrunningprocessesglobals.md
  - docs/models/operations/getrunningprocessesrequest.md
  - docs/models/operations/getstoppedprocessesglobals.md
  - docs/models/operations/getstoppedprocessesrequest.md
  - docs/models/operations/getprocessinfodeprecatedglobals.md
  - docs/models/operations/getprocessinfodeprecatedrequest.md
  - docs/models/operations/getprocessinfov2deprecatedglobals.md
  - docs/models/operations/getprocessinfov2deprecatedrequest.md
  - docs/models/operations/getlatestprocessesv2deprecatedglobals.md
  - docs/models/operations/getlatestprocessesv2deprecatedrequest.md
  - docs/models/operations/getprocessescountexperimentalv2deprecatedglobals.md
  - docs/models/operations/getprocessescountexperimentalv2deprecatedrequest.md
  - docs/models/operations/getprocessescountexperimentalv2deprecatedresponsebody.md
  - docs/models/operations/stopprocessv2deprecatedglobals.md
  - docs/models/operations/stopprocessv2deprecatedrequest.md
  - docs/models/operations/createprocessv2deprecatedglobals.md
  - docs/models/operations/createprocessv2deprecatedrequest.md
  - docs/models/operations/getlatestprocessesglobals.md
  - docs/models/operations/getlatestprocessesrequest.md
  - docs/models/operations/getprocessescountexperimentalglobals.md
  - docs/models/operations/getprocessescountexperimentalrequest.md
  - docs/models/operations/getprocessescountexperimentalresponsebody.md
  - docs/models/operations/createprocessglobals.md
  - docs/models/operations/createprocessrequest.md
  - docs/models/operations/getprocessglobals.md
  - docs/models/operations/getprocessrequest.md
  - docs/models/operations/stopprocessglobals.md
  - docs/models/operations/stopprocessrequest.md
  - docs/models/operations/getorgmembersrequest.md
  - docs/models/operations/inviteuserrequest.md
  - docs/models/operations/rescindinviterequest.md
  - docs/models/operations/getorgpendinginvitesrequest.md
  - docs/models/operations/acceptinviterequest.md
  - docs/models/operations/rejectinviterequest.md
  - docs/models/operations/getmetricsglobals.md
  - docs/models/operations/getmetricsrequest.md
  - docs/models/operations/getlogsforappglobals.md
  - docs/models/operations/getlogsforapprequest.md
  - docs/models/operations/getlogsforprocessglobals.md
  - docs/models/operations/getlogsforprocessrequest.md
  - docs/models/operations/downloadlogforprocessglobals.md
  - docs/models/operations/downloadlogforprocessrequest.md
  - docs/models/operations/getlogsfordeploymentglobals.md
  - docs/models/operations/getlogsfordeploymentrequest.md
  - docs/models/operations/createprivatelobbydeprecatedglobals.md
  - docs/models/operations/createprivatelobbydeprecatedsecurity.md
  - docs/models/operations/createprivatelobbydeprecatedrequest.md
  - docs/models/operations/createpubliclobbydeprecatedglobals.md
  - docs/models/operations/createpubliclobbydeprecatedsecurity.md
  - docs/models/operations/createpubliclobbydeprecatedrequest.md
  - docs/models/operations/listactivepubliclobbiesdeprecatedv1globals.md
  - docs/models/operations/listactivepubliclobbiesdeprecatedv1request.md
  - docs/models/operations/createprivatelobbyglobals.md
  - docs/models/operations/createprivatelobbysecurity.md
  - docs/models/operations/createprivatelobbyrequestbody.md
  - docs/models/operations/createprivatelobbyrequest.md
  - docs/models/operations/createpubliclobbyglobals.md
  - docs/models/operations/createpubliclobbysecurity.md
  - docs/models/operations/createpubliclobbyrequestbody.md
  - docs/models/operations/createpubliclobbyrequest.md
  - docs/models/operations/createlocallobbyglobals.md
  - docs/models/operations/createlocallobbysecurity.md
  - docs/models/operations/createlocallobbyrequestbody.md
  - docs/models/operations/createlocallobbyrequest.md
  - docs/models/operations/createlobbydeprecatedglobals.md
  - docs/models/operations/createlobbydeprecatedsecurity.md
  - docs/models/operations/createlobbydeprecatedrequest.md
  - docs/models/operations/listactivepubliclobbiesdeprecatedv2globals.md
  - docs/models/operations/listactivepubliclobbiesdeprecatedv2request.md
  - docs/models/operations/getlobbyinfoglobals.md
  - docs/models/operations/getlobbyinforequest.md
  - docs/models/operations/setlobbystateglobals.md
  - docs/models/operations/setlobbystaterequest.md
  - docs/models/operations/createlobbyglobals.md
  - docs/models/operations/createlobbysecurity.md
  - docs/models/operations/createlobbyrequest.md
  - docs/models/operations/listactivepubliclobbiesglobals.md
  - docs/models/operations/listactivepubliclobbiesrequest.md
  - docs/models/operations/getlobbyinfobyroomidglobals.md
  - docs/models/operations/getlobbyinfobyroomidrequest.md
  - docs/models/operations/getlobbyinfobyshortcodeglobals.md
  - docs/models/operations/getlobbyinfobyshortcoderequest.md
  - docs/models/operations/getdeploymentsv1deprecatedglobals.md
  - docs/models/operations/getdeploymentsv1deprecatedrequest.md
  - docs/models/operations/getlatestdeploymentv1deprecatedglobals.md
  - docs/models/operations/getlatestdeploymentv1deprecatedrequest.md
  - docs/models/operations/getdeploymentinfov1deprecatedglobals.md
  - docs/models/operations/getdeploymentinfov1deprecatedrequest.md
  - docs/models/operations/createdeploymentv1deprecatedglobals.md
  - docs/models/operations/createdeploymentv1deprecatedrequest.md
  - docs/models/operations/getdeploymentsv2deprecatedglobals.md
  - docs/models/operations/getdeploymentsv2deprecatedrequest.md
  - docs/models/operations/getlatestdeploymentv2deprecatedglobals.md
  - docs/models/operations/getlatestdeploymentv2deprecatedrequest.md
  - docs/models/operations/getdeploymentinfov2deprecatedglobals.md
  - docs/models/operations/getdeploymentinfov2deprecatedrequest.md
  - docs/models/operations/createdeploymentv2deprecatedglobals.md
  - docs/models/operations/createdeploymentv2deprecatedrequest.md
  - docs/models/operations/getdeploymentsglobals.md
  - docs/models/operations/getdeploymentsrequest.md
  - docs/models/operations/createdeploymentglobals.md
  - docs/models/operations/createdeploymentrequest.md
  - docs/models/operations/getlatestdeploymentglobals.md
  - docs/models/operations/getlatestdeploymentrequest.md
  - docs/models/operations/getdeploymentglobals.md
  - docs/models/operations/getdeploymentrequest.md
  - docs/models/operations/getbuildsdeprecatedglobals.md
  - docs/models/operations/getbuildsdeprecatedrequest.md
  - docs/models/operations/getbuildinfodeprecatedglobals.md
  - docs/models/operations/getbuildinfodeprecatedrequest.md
  - docs/models/operations/createbuilddeprecatedglobals.md
  - docs/models/operations/createbuilddeprecatedrequest.md
  - docs/models/operations/deletebuilddeprecatedglobals.md
  - docs/models/operations/deletebuilddeprecatedrequest.md
  - docs/models/operations/runbuilddeprecatedglobals.md
  - docs/models/operations/filet.md
  - docs/models/operations/runbuilddeprecatedrequestbody.md
  - docs/models/operations/runbuilddeprecatedrequest.md
  - docs/models/operations/getbuildsv2deprecatedglobals.md
  - docs/models/operations/getbuildsv2deprecatedrequest.md
  - docs/models/operations/getbuildinfov2deprecatedglobals.md
  - docs/models/operations/getbuildinfov2deprecatedrequest.md
  - docs/models/operations/createbuildv2deprecatedglobals.md
  - docs/models/operations/createbuildv2deprecatedrequest.md
  - docs/models/operations/createbuildwithuploadurlv2deprecatedglobals.md
  - docs/models/operations/createbuildwithuploadurlv2deprecatedrequest.md
  - docs/models/operations/createwithmultipartuploadsv2deprecatedglobals.md
  - docs/models/operations/createwithmultipartuploadsv2deprecatedrequest.md
  - docs/models/operations/deletebuildv2deprecatedglobals.md
  - docs/models/operations/deletebuildv2deprecatedrequest.md
  - docs/models/operations/runbuildv2deprecatedglobals.md
  - docs/models/operations/runbuildv2deprecatedfile.md
  - docs/models/operations/runbuildv2deprecatedrequestbody.md
  - docs/models/operations/runbuildv2deprecatedrequest.md
  - docs/models/operations/getbuildsrequest.md
  - docs/models/operations/createbuildrequest.md
  - docs/models/operations/getbuildrequest.md
  - docs/models/operations/deletebuildrequest.md
  - docs/models/operations/runbuildrequest.md
  - docs/models/operations/getupcominginvoicetotalresponsebody.md
  - docs/models/operations/loginanonymousglobals.md
  - docs/models/operations/loginanonymousrequest.md
  - docs/models/operations/loginnicknameglobals.md
  - docs/models/operations/loginnicknamerequest.md
  - docs/models/operations/logingoogleglobals.md
  - docs/models/operations/logingooglerequest.md
  - docs/models/operations/updateappv1deprecatedglobals.md
  - docs/models/operations/updateappv1deprecatedrequest.md
  - docs/models/operations/getappinfov1deprecatedglobals.md
  - docs/models/operations/getappinfov1deprecatedrequest.md
  - docs/models/operations/deleteappv1deprecatedglobals.md
  - docs/models/operations/deleteappv1deprecatedrequest.md
  - docs/models/operations/getappsrequest.md
  - docs/models/operations/createapprequest.md
  - docs/models/operations/updateappglobals.md
  - docs/models/operations/updateapprequest.md
  - docs/models/operations/getappglobals.md
  - docs/models/operations/getapprequest.md
  - docs/models/operations/deleteappglobals.md
  - docs/models/operations/deleteapprequest.md
  - docs/sdks/hathoracloud/README.md
  - docs/lib/utils/retryconfig.md
  - docs/sdks/tokensv1/README.md
  - docs/sdks/roomsv1/README.md
  - docs/sdks/roomsv2/README.md
  - docs/sdks/processesv1/README.md
  - docs/sdks/processesv2/README.md
  - docs/sdks/processesv3/README.md
  - docs/sdks/organizationsv1/README.md
  - docs/sdks/metricsv1/README.md
  - docs/sdks/managementv1/README.md
  - docs/sdks/logsv1/README.md
  - docs/sdks/lobbiesv1/README.md
  - docs/sdks/lobbiesv2/README.md
  - docs/sdks/lobbiesv3/README.md
  - docs/sdks/discoveryv1/README.md
  - docs/sdks/discoveryv2/README.md
  - docs/sdks/deploymentsv1/README.md
  - docs/sdks/deploymentsv2/README.md
  - docs/sdks/deploymentsv3/README.md
  - docs/sdks/buildsv1/README.md
  - docs/sdks/buildsv2/README.md
  - docs/sdks/buildsv3/README.md
  - docs/sdks/billingv1/README.md
  - docs/sdks/authv1/README.md
  - docs/sdks/appsv1/README.md
  - docs/sdks/appsv2/README.md
  - USAGE.md
  - .gitattributes
  - src/hooks/hooks.ts
  - src/hooks/types.ts
  - src/hooks/index.ts
  - CONTRIBUTING.md
