speakeasyVersion: 1.555.3
sources:
    my-source:
        sourceNamespace: my-source
        sourceRevisionDigest: sha256:a62617126c95bfd42d82c6c22dca9311619307fcbbce1a4fc4bf79b52074f9db
        sourceBlobDigest: sha256:5b10ad40d41860ce1e607b85ff1f19c212e355c487efe60b78620b6a701f5ebf
        tags:
            - latest
            - speakeasy-sdk-regen-1749082673
            - 0.0.1
targets:
    hathora-typescript:
        source: my-source
        sourceNamespace: my-source
        sourceRevisionDigest: sha256:a62617126c95bfd42d82c6c22dca9311619307fcbbce1a4fc4bf79b52074f9db
        sourceBlobDigest: sha256:5b10ad40d41860ce1e607b85ff1f19c212e355c487efe60b78620b6a701f5ebf
        codeSamplesNamespace: code-samples-typescript-hathora-typescript
        codeSamplesRevisionDigest: sha256:d9ac81673bef38c97c46454ac91130d0875b80ab7dc9ce6064173f0a03a15614
workflow:
    workflowVersion: 1.0.0
    speakeasyVersion: latest
    sources:
        my-source:
            inputs:
                - location: https://hathora.dev/swagger.json
            registry:
                location: registry.speakeasyapi.dev/hathora/hathora/my-source
    targets:
        hathora-typescript:
            target: typescript
            source: my-source
            publish:
                npm:
                    token: $NPM_TOKEN
            codeSamples:
                output: .speakeasy/codeSamples.yaml
                registry:
                    location: registry.speakeasyapi.dev/hathora/hathora/code-samples-typescript-hathora-typescript
