speakeasyVersion: 1.603.0
sources:
    my-source:
        sourceNamespace: my-source
        sourceRevisionDigest: sha256:921aaaed9f70766b807270e1dccefcc9af4ee88fede2eef18a47f010a4a742a1
        sourceBlobDigest: sha256:1875a25702503f88f9b0489014f0f40a0d90692f94b388692089bf6907e293a9
        tags:
            - latest
            - speakeasy-sdk-regen-1755044302
            - 0.0.1
targets:
    hathora-typescript:
        source: my-source
        sourceNamespace: my-source
        sourceRevisionDigest: sha256:921aaaed9f70766b807270e1dccefcc9af4ee88fede2eef18a47f010a4a742a1
        sourceBlobDigest: sha256:1875a25702503f88f9b0489014f0f40a0d90692f94b388692089bf6907e293a9
        codeSamplesNamespace: code-samples-typescript-hathora-typescript
        codeSamplesRevisionDigest: sha256:61eba362663cc98c33fbe98e70e2aab2f0c65bab8f1932ae898e8a1fa6476581
workflow:
    workflowVersion: 1.0.0
    speakeasyVersion: latest
    sources:
        my-source:
            inputs:
                - location: https://hathora.dev/swagger.json
            registry:
                location: registry.speakeasyapi.dev/hathora/hathora/my-source
    targets:
        hathora-typescript:
            target: typescript
            source: my-source
            publish:
                npm:
                    token: $NPM_TOKEN
            codeSamples:
                output: .speakeasy/codeSamples.yaml
                registry:
                    location: registry.speakeasyapi.dev/hathora/hathora/code-samples-typescript-hathora-typescript
