speakeasyVersion: 1.514.1
sources:
    my-source:
        sourceNamespace: my-source
        sourceRevisionDigest: sha256:0933b78994ebeb74a8953b6dfc6930090d658d8353bb466240faebd39c98b215
        sourceBlobDigest: sha256:265b20d0d5292d5baa894718f208547d6ee195a9a475b7df3073a5caffdfd06e
        tags:
            - latest
            - speakeasy-sdk-regen-1741652168
            - 0.0.1
targets:
    hathora-typescript:
        source: my-source
        sourceNamespace: my-source
        sourceRevisionDigest: sha256:0933b78994ebeb74a8953b6dfc6930090d658d8353bb466240faebd39c98b215
        sourceBlobDigest: sha256:265b20d0d5292d5baa894718f208547d6ee195a9a475b7df3073a5caffdfd06e
        codeSamplesNamespace: code-samples-typescript-hathora-typescript
        codeSamplesRevisionDigest: sha256:36f51823b7c691c3a37a72b05a1717f5e344646662c26f75d9dc342a6344b501
workflow:
    workflowVersion: 1.0.0
    speakeasyVersion: latest
    sources:
        my-source:
            inputs:
                - location: https://hathora.dev/swagger.json
            registry:
                location: registry.speakeasyapi.dev/hathora/hathora/my-source
    targets:
        hathora-typescript:
            target: typescript
            source: my-source
            publish:
                npm:
                    token: $NPM_TOKEN
            codeSamples:
                output: .speakeasy/codeSamples.yaml
                registry:
                    location: registry.speakeasyapi.dev/hathora/hathora/code-samples-typescript-hathora-typescript
